
Microsoft Visual Studio Solution File, Format Version 12.00
# Visual Studio Version 17
VisualStudioVersion = 17.0.31903.59
MinimumVisualStudioVersion = 10.0.40219.1
Project("{FAE04EC0-301F-11D3-BF4B-00C04F79EFBC}") = "FeatherPod", "FeatherPod\FeatherPod.csproj", "{366398C0-F260-4CF1-9C63-A18AE7DC130A}"
EndProject
Project("{FAE04EC0-301F-11D3-BF4B-00C04F79EFBC}") = "FeatherPod.Tests", "FeatherPod.Tests\FeatherPod.Tests.csproj", "{AB62D729-7C33-4BC9-ABF6-CD0A55B31B17}"
EndProject
Project("{2150E333-8FDC-42A3-9474-1A3956D46DE8}") = "SolutionItems", "SolutionItems", "{961F82C2-FBDE-4933-ABA2-02BD2F2A2BC0}"
	ProjectSection(SolutionItems) = preProject
		README.md = README.md
		global.json = global.json
		episodes.json = episodes.json
		Deploy-FeatherPod.ps1 = Deploy-FeatherPod.ps1
	EndProjectSection
EndProject
Project("{FAE04EC0-301F-11D3-BF4B-00C04F79EFBC}") = "FeatherPod.Cli", "FeatherPod.Cli\FeatherPod.Cli.csproj", "{BF2242EC-1812-4D7C-92F4-C333FAB41262}"
EndProject
Global
	GlobalSection(SolutionConfigurationPlatforms) = preSolution
		Debug|Any CPU = Debug|Any CPU
		Debug|x64 = Debug|x64
		Debug|x86 = Debug|x86
		Release|Any CPU = Release|Any CPU
		Release|x64 = Release|x64
		Release|x86 = Release|x86
	EndGlobalSection
	GlobalSection(ProjectConfigurationPlatforms) = postSolution
		{366398C0-F260-4CF1-9C63-A18AE7DC130A}.Debug|Any CPU.ActiveCfg = Debug|Any CPU
		{366398C0-F260-4CF1-9C63-A18AE7DC130A}.Debug|Any CPU.Build.0 = Debug|Any CPU
		{366398C0-F260-4CF1-9C63-A18AE7DC130A}.Debug|x64.ActiveCfg = Debug|Any CPU
		{366398C0-F260-4CF1-9C63-A18AE7DC130A}.Debug|x64.Build.0 = Debug|Any CPU
		{366398C0-F260-4CF1-9C63-A18AE7DC130A}.Debug|x86.ActiveCfg = Debug|Any CPU
		{366398C0-F260-4CF1-9C63-A18AE7DC130A}.Debug|x86.Build.0 = Debug|Any CPU
		{366398C0-F260-4CF1-9C63-A18AE7DC130A}.Release|Any CPU.ActiveCfg = Release|Any CPU
		{366398C0-F260-4CF1-9C63-A18AE7DC130A}.Release|Any CPU.Build.0 = Release|Any CPU
		{366398C0-F260-4CF1-9C63-A18AE7DC130A}.Release|x64.ActiveCfg = Release|Any CPU
		{366398C0-F260-4CF1-9C63-A18AE7DC130A}.Release|x64.Build.0 = Release|Any CPU
		{366398C0-F260-4CF1-9C63-A18AE7DC130A}.Release|x86.ActiveCfg = Release|Any CPU
		{366398C0-F260-4CF1-9C63-A18AE7DC130A}.Release|x86.Build.0 = Release|Any CPU
		{AB62D729-7C33-4BC9-ABF6-CD0A55B31B17}.Debug|Any CPU.ActiveCfg = Debug|Any CPU
		{AB62D729-7C33-4BC9-ABF6-CD0A55B31B17}.Debug|Any CPU.Build.0 = Debug|Any CPU
		{AB62D729-7C33-4BC9-ABF6-CD0A55B31B17}.Debug|x64.ActiveCfg = Debug|Any CPU
		{AB62D729-7C33-4BC9-ABF6-CD0A55B31B17}.Debug|x64.Build.0 = Debug|Any CPU
		{AB62D729-7C33-4BC9-ABF6-CD0A55B31B17}.Debug|x86.ActiveCfg = Debug|Any CPU
		{AB62D729-7C33-4BC9-ABF6-CD0A55B31B17}.Debug|x86.Build.0 = Debug|Any CPU
		{AB62D729-7C33-4BC9-ABF6-CD0A55B31B17}.Release|Any CPU.ActiveCfg = Release|Any CPU
		{AB62D729-7C33-4BC9-ABF6-CD0A55B31B17}.Release|Any CPU.Build.0 = Release|Any CPU
		{AB62D729-7C33-4BC9-ABF6-CD0A55B31B17}.Release|x64.ActiveCfg = Release|Any CPU
		{AB62D729-7C33-4BC9-ABF6-CD0A55B31B17}.Release|x64.Build.0 = Release|Any CPU
		{AB62D729-7C33-4BC9-ABF6-CD0A55B31B17}.Release|x86.ActiveCfg = Release|Any CPU
		{AB62D729-7C33-4BC9-ABF6-CD0A55B31B17}.Release|x86.Build.0 = Release|Any CPU
		{BF2242EC-1812-4D7C-92F4-C333FAB41262}.Debug|Any CPU.ActiveCfg = Debug|Any CPU
		{BF2242EC-1812-4D7C-92F4-C333FAB41262}.Debug|Any CPU.Build.0 = Debug|Any CPU
		{BF2242EC-1812-4D7C-92F4-C333FAB41262}.Debug|x64.ActiveCfg = Debug|Any CPU
		{BF2242EC-1812-4D7C-92F4-C333FAB41262}.Debug|x64.Build.0 = Debug|Any CPU
		{BF2242EC-1812-4D7C-92F4-C333FAB41262}.Debug|x86.ActiveCfg = Debug|Any CPU
		{BF2242EC-1812-4D7C-92F4-C333FAB41262}.Debug|x86.Build.0 = Debug|Any CPU
		{BF2242EC-1812-4D7C-92F4-C333FAB41262}.Release|Any CPU.ActiveCfg = Release|Any CPU
		{BF2242EC-1812-4D7C-92F4-C333FAB41262}.Release|Any CPU.Build.0 = Release|Any CPU
		{BF2242EC-1812-4D7C-92F4-C333FAB41262}.Release|x64.ActiveCfg = Release|Any CPU
		{BF2242EC-1812-4D7C-92F4-C333FAB41262}.Release|x64.Build.0 = Release|Any CPU
		{BF2242EC-1812-4D7C-92F4-C333FAB41262}.Release|x86.ActiveCfg = Release|Any CPU
		{BF2242EC-1812-4D7C-92F4-C333FAB41262}.Release|x86.Build.0 = Release|Any CPU
	EndGlobalSection
	GlobalSection(SolutionProperties) = preSolution
		HideSolutionNode = FALSE
	EndGlobalSection
EndGlobal
